
Microsoft Visual Studio Solution File, Format Version 12.00
# Visual Studio Version 17
VisualStudioVersion = 17.0.31903.59
MinimumVisualStudioVersion = 10.0.40219.1

Project("{2150E333-8FDC-42A3-9474-1A3956D46DE8}") = "src", "src", "{A1B2C3D4-E5F6-7890-ABCD-EF1234567890}"
EndProject

Project("{2150E333-8FDC-42A3-9474-1A3956D46DE8}") = "tests", "tests", "{B2C3D4E5-F6A7-8901-BCDE-F23456789012}"
EndProject

Project("{2150E333-8FDC-42A3-9474-1A3956D46DE8}") = "mcp", "mcp", "{C3D4E5F6-A7B8-9012-CDEF-345678901234}"
EndProject

Project("{FAE04EC0-301F-11D3-BF4B-00C04F79EFBC}") = "CRISP.Core", "src\CRISP.Core\CRISP.Core.csproj", "{D4E5F6A7-B8C9-0123-DEF0-456789012345}"
EndProject

Project("{FAE04EC0-301F-11D3-BF4B-00C04F79EFBC}") = "CRISP.Audit", "src\CRISP.Audit\CRISP.Audit.csproj", "{E5F6A7B8-C9D0-1234-EF01-567890123456}"
EndProject

Project("{FAE04EC0-301F-11D3-BF4B-00C04F79EFBC}") = "CRISP.Git", "src\CRISP.Git\CRISP.Git.csproj", "{F6A7B8C9-D0E1-2345-F012-678901234567}"
EndProject

Project("{FAE04EC0-301F-11D3-BF4B-00C04F79EFBC}") = "CRISP.Templates", "src\CRISP.Templates\CRISP.Templates.csproj", "{A7B8C9D0-E1F2-3456-0123-789012345678}"
EndProject

Project("{FAE04EC0-301F-11D3-BF4B-00C04F79EFBC}") = "CRISP.Pipelines", "src\CRISP.Pipelines\CRISP.Pipelines.csproj", "{B8C9D0E1-F2A3-4567-1234-890123456789}"
EndProject

Project("{FAE04EC0-301F-11D3-BF4B-00C04F79EFBC}") = "CRISP.Agent", "src\CRISP.Agent\CRISP.Agent.csproj", "{C9D0E1F2-A3B4-5678-2345-901234567890}"
EndProject

Project("{FAE04EC0-301F-11D3-BF4B-00C04F79EFBC}") = "CRISP.Adr", "src\CRISP.Adr\CRISP.Adr.csproj", "{ADR00001-0000-0000-0000-000000000001}"
EndProject

Project("{FAE04EC0-301F-11D3-BF4B-00C04F79EFBC}") = "CRISP.Enterprise", "src\CRISP.Enterprise\CRISP.Enterprise.csproj", "{ENT00001-0000-0000-0000-000000000001}"
EndProject

Project("{FAE04EC0-301F-11D3-BF4B-00C04F79EFBC}") = "CRISP.Adr.Tests", "tests\CRISP.Adr.Tests\CRISP.Adr.Tests.csproj", "{ADR00002-0000-0000-0000-000000000002}"
EndProject

Project("{FAE04EC0-301F-11D3-BF4B-00C04F79EFBC}") = "CRISP.Enterprise.Tests", "tests\CRISP.Enterprise.Tests\CRISP.Enterprise.Tests.csproj", "{ENT00002-0000-0000-0000-000000000002}"
EndProject

Project("{FAE04EC0-301F-11D3-BF4B-00C04F79EFBC}") = "CRISP.Api", "src\CRISP.Api\CRISP.Api.csproj", "{11111111-2222-3333-4444-555555555555}"
EndProject

Project("{FAE04EC0-301F-11D3-BF4B-00C04F79EFBC}") = "CRISP.Mcp.GitHub", "src\CRISP.Mcp.GitHub\CRISP.Mcp.GitHub.csproj", "{D0E1F2A3-B4C5-6789-3456-012345678901}"
EndProject

Project("{FAE04EC0-301F-11D3-BF4B-00C04F79EFBC}") = "CRISP.Mcp.AzureDevOps", "src\CRISP.Mcp.AzureDevOps\CRISP.Mcp.AzureDevOps.csproj", "{E1F2A3B4-C5D6-7890-4567-123456789012}"
EndProject

Project("{FAE04EC0-301F-11D3-BF4B-00C04F79EFBC}") = "CRISP.Mcp.Filesystem", "src\CRISP.Mcp.Filesystem\CRISP.Mcp.Filesystem.csproj", "{F2A3B4C5-D6E7-8901-5678-234567890123}"
EndProject

Project("{FAE04EC0-301F-11D3-BF4B-00C04F79EFBC}") = "CRISP.Mcp.Git", "src\CRISP.Mcp.Git\CRISP.Mcp.Git.csproj", "{A3B4C5D6-E7F8-9012-6789-345678901234}"
EndProject

Project("{FAE04EC0-301F-11D3-BF4B-00C04F79EFBC}") = "CRISP.Mcp.AuditLog", "src\CRISP.Mcp.AuditLog\CRISP.Mcp.AuditLog.csproj", "{B4C5D6E7-F8A9-0123-7890-456789012345}"
EndProject

Project("{FAE04EC0-301F-11D3-BF4B-00C04F79EFBC}") = "CRISP.Mcp.PolicyEngine", "src\CRISP.Mcp.PolicyEngine\CRISP.Mcp.PolicyEngine.csproj", "{C5D6E7F8-A9B0-1234-8901-567890123456}"
EndProject

Project("{FAE04EC0-301F-11D3-BF4B-00C04F79EFBC}") = "CRISP.Core.Tests", "tests\CRISP.Core.Tests\CRISP.Core.Tests.csproj", "{D6E7F8A9-B0C1-2345-9012-678901234567}"
EndProject

Project("{FAE04EC0-301F-11D3-BF4B-00C04F79EFBC}") = "CRISP.Git.Tests", "tests\CRISP.Git.Tests\CRISP.Git.Tests.csproj", "{E7F8A9B0-C1D2-3456-0123-789012345678}"
EndProject

Project("{FAE04EC0-301F-11D3-BF4B-00C04F79EFBC}") = "CRISP.Templates.Tests", "tests\CRISP.Templates.Tests\CRISP.Templates.Tests.csproj", "{F8A9B0C1-D2E3-4567-1234-890123456789}"
EndProject

Project("{FAE04EC0-301F-11D3-BF4B-00C04F79EFBC}") = "CRISP.Pipelines.Tests", "tests\CRISP.Pipelines.Tests\CRISP.Pipelines.Tests.csproj", "{A9B0C1D2-E3F4-5678-2345-901234567890}"
EndProject

Project("{FAE04EC0-301F-11D3-BF4B-00C04F79EFBC}") = "CRISP.Agent.Tests", "tests\CRISP.Agent.Tests\CRISP.Agent.Tests.csproj", "{B0C1D2E3-F4A5-6789-3456-012345678901}"
EndProject

Global
	GlobalSection(SolutionConfigurationPlatforms) = preSolution
		Debug|Any CPU = Debug|Any CPU
		Release|Any CPU = Release|Any CPU
	EndGlobalSection
	GlobalSection(ProjectConfigurationPlatforms) = postSolution
		{D4E5F6A7-B8C9-0123-DEF0-456789012345}.Debug|Any CPU.ActiveCfg = Debug|Any CPU
		{D4E5F6A7-B8C9-0123-DEF0-456789012345}.Debug|Any CPU.Build.0 = Debug|Any CPU
		{D4E5F6A7-B8C9-0123-DEF0-456789012345}.Release|Any CPU.ActiveCfg = Release|Any CPU
		{D4E5F6A7-B8C9-0123-DEF0-456789012345}.Release|Any CPU.Build.0 = Release|Any CPU
		{E5F6A7B8-C9D0-1234-EF01-567890123456}.Debug|Any CPU.ActiveCfg = Debug|Any CPU
		{E5F6A7B8-C9D0-1234-EF01-567890123456}.Debug|Any CPU.Build.0 = Debug|Any CPU
		{E5F6A7B8-C9D0-1234-EF01-567890123456}.Release|Any CPU.ActiveCfg = Release|Any CPU
		{E5F6A7B8-C9D0-1234-EF01-567890123456}.Release|Any CPU.Build.0 = Release|Any CPU
		{F6A7B8C9-D0E1-2345-F012-678901234567}.Debug|Any CPU.ActiveCfg = Debug|Any CPU
		{F6A7B8C9-D0E1-2345-F012-678901234567}.Debug|Any CPU.Build.0 = Debug|Any CPU
		{F6A7B8C9-D0E1-2345-F012-678901234567}.Release|Any CPU.ActiveCfg = Release|Any CPU
		{F6A7B8C9-D0E1-2345-F012-678901234567}.Release|Any CPU.Build.0 = Release|Any CPU
		{A7B8C9D0-E1F2-3456-0123-789012345678}.Debug|Any CPU.ActiveCfg = Debug|Any CPU
		{A7B8C9D0-E1F2-3456-0123-789012345678}.Debug|Any CPU.Build.0 = Debug|Any CPU
		{A7B8C9D0-E1F2-3456-0123-789012345678}.Release|Any CPU.ActiveCfg = Release|Any CPU
		{A7B8C9D0-E1F2-3456-0123-789012345678}.Release|Any CPU.Build.0 = Release|Any CPU
		{B8C9D0E1-F2A3-4567-1234-890123456789}.Debug|Any CPU.ActiveCfg = Debug|Any CPU
		{B8C9D0E1-F2A3-4567-1234-890123456789}.Debug|Any CPU.Build.0 = Debug|Any CPU
		{B8C9D0E1-F2A3-4567-1234-890123456789}.Release|Any CPU.ActiveCfg = Release|Any CPU
		{B8C9D0E1-F2A3-4567-1234-890123456789}.Release|Any CPU.Build.0 = Release|Any CPU
		{C9D0E1F2-A3B4-5678-2345-901234567890}.Debug|Any CPU.ActiveCfg = Debug|Any CPU
		{C9D0E1F2-A3B4-5678-2345-901234567890}.Debug|Any CPU.Build.0 = Debug|Any CPU
		{C9D0E1F2-A3B4-5678-2345-901234567890}.Release|Any CPU.ActiveCfg = Release|Any CPU
		{C9D0E1F2-A3B4-5678-2345-901234567890}.Release|Any CPU.Build.0 = Release|Any CPU
		{D0E1F2A3-B4C5-6789-3456-012345678901}.Debug|Any CPU.ActiveCfg = Debug|Any CPU
		{D0E1F2A3-B4C5-6789-3456-012345678901}.Debug|Any CPU.Build.0 = Debug|Any CPU
		{D0E1F2A3-B4C5-6789-3456-012345678901}.Release|Any CPU.ActiveCfg = Release|Any CPU
		{D0E1F2A3-B4C5-6789-3456-012345678901}.Release|Any CPU.Build.0 = Release|Any CPU
		{E1F2A3B4-C5D6-7890-4567-123456789012}.Debug|Any CPU.ActiveCfg = Debug|Any CPU
		{E1F2A3B4-C5D6-7890-4567-123456789012}.Debug|Any CPU.Build.0 = Debug|Any CPU
		{E1F2A3B4-C5D6-7890-4567-123456789012}.Release|Any CPU.ActiveCfg = Release|Any CPU
		{E1F2A3B4-C5D6-7890-4567-123456789012}.Release|Any CPU.Build.0 = Release|Any CPU
		{F2A3B4C5-D6E7-8901-5678-234567890123}.Debug|Any CPU.ActiveCfg = Debug|Any CPU
		{F2A3B4C5-D6E7-8901-5678-234567890123}.Debug|Any CPU.Build.0 = Debug|Any CPU
		{F2A3B4C5-D6E7-8901-5678-234567890123}.Release|Any CPU.ActiveCfg = Release|Any CPU
		{F2A3B4C5-D6E7-8901-5678-234567890123}.Release|Any CPU.Build.0 = Release|Any CPU
		{A3B4C5D6-E7F8-9012-6789-345678901234}.Debug|Any CPU.ActiveCfg = Debug|Any CPU
		{A3B4C5D6-E7F8-9012-6789-345678901234}.Debug|Any CPU.Build.0 = Debug|Any CPU
		{A3B4C5D6-E7F8-9012-6789-345678901234}.Release|Any CPU.ActiveCfg = Release|Any CPU
		{A3B4C5D6-E7F8-9012-6789-345678901234}.Release|Any CPU.Build.0 = Release|Any CPU
		{B4C5D6E7-F8A9-0123-7890-456789012345}.Debug|Any CPU.ActiveCfg = Debug|Any CPU
		{B4C5D6E7-F8A9-0123-7890-456789012345}.Debug|Any CPU.Build.0 = Debug|Any CPU
		{B4C5D6E7-F8A9-0123-7890-456789012345}.Release|Any CPU.ActiveCfg = Release|Any CPU
		{B4C5D6E7-F8A9-0123-7890-456789012345}.Release|Any CPU.Build.0 = Release|Any CPU
		{C5D6E7F8-A9B0-1234-8901-567890123456}.Debug|Any CPU.ActiveCfg = Debug|Any CPU
		{C5D6E7F8-A9B0-1234-8901-567890123456}.Debug|Any CPU.Build.0 = Debug|Any CPU
		{C5D6E7F8-A9B0-1234-8901-567890123456}.Release|Any CPU.ActiveCfg = Release|Any CPU
		{C5D6E7F8-A9B0-1234-8901-567890123456}.Release|Any CPU.Build.0 = Release|Any CPU
		{D6E7F8A9-B0C1-2345-9012-678901234567}.Debug|Any CPU.ActiveCfg = Debug|Any CPU
		{D6E7F8A9-B0C1-2345-9012-678901234567}.Debug|Any CPU.Build.0 = Debug|Any CPU
		{D6E7F8A9-B0C1-2345-9012-678901234567}.Release|Any CPU.ActiveCfg = Release|Any CPU
		{D6E7F8A9-B0C1-2345-9012-678901234567}.Release|Any CPU.Build.0 = Release|Any CPU
		{E7F8A9B0-C1D2-3456-0123-789012345678}.Debug|Any CPU.ActiveCfg = Debug|Any CPU
		{E7F8A9B0-C1D2-3456-0123-789012345678}.Debug|Any CPU.Build.0 = Debug|Any CPU
		{E7F8A9B0-C1D2-3456-0123-789012345678}.Release|Any CPU.ActiveCfg = Release|Any CPU
		{E7F8A9B0-C1D2-3456-0123-789012345678}.Release|Any CPU.Build.0 = Release|Any CPU
		{F8A9B0C1-D2E3-4567-1234-890123456789}.Debug|Any CPU.ActiveCfg = Debug|Any CPU
		{F8A9B0C1-D2E3-4567-1234-890123456789}.Debug|Any CPU.Build.0 = Debug|Any CPU
		{F8A9B0C1-D2E3-4567-1234-890123456789}.Release|Any CPU.ActiveCfg = Release|Any CPU
		{F8A9B0C1-D2E3-4567-1234-890123456789}.Release|Any CPU.Build.0 = Release|Any CPU
		{A9B0C1D2-E3F4-5678-2345-901234567890}.Debug|Any CPU.ActiveCfg = Debug|Any CPU
		{A9B0C1D2-E3F4-5678-2345-901234567890}.Debug|Any CPU.Build.0 = Debug|Any CPU
		{A9B0C1D2-E3F4-5678-2345-901234567890}.Release|Any CPU.ActiveCfg = Release|Any CPU
		{A9B0C1D2-E3F4-5678-2345-901234567890}.Release|Any CPU.Build.0 = Release|Any CPU
		{B0C1D2E3-F4A5-6789-3456-012345678901}.Debug|Any CPU.ActiveCfg = Debug|Any CPU
		{B0C1D2E3-F4A5-6789-3456-012345678901}.Debug|Any CPU.Build.0 = Debug|Any CPU
		{B0C1D2E3-F4A5-6789-3456-012345678901}.Release|Any CPU.ActiveCfg = Release|Any CPU
		{B0C1D2E3-F4A5-6789-3456-012345678901}.Release|Any CPU.Build.0 = Release|Any CPU
		{11111111-2222-3333-4444-555555555555}.Debug|Any CPU.ActiveCfg = Debug|Any CPU
		{11111111-2222-3333-4444-555555555555}.Debug|Any CPU.Build.0 = Debug|Any CPU
		{11111111-2222-3333-4444-555555555555}.Release|Any CPU.ActiveCfg = Release|Any CPU
		{11111111-2222-3333-4444-555555555555}.Release|Any CPU.Build.0 = Release|Any CPU
		{ADR00001-0000-0000-0000-000000000001}.Debug|Any CPU.ActiveCfg = Debug|Any CPU
		{ADR00001-0000-0000-0000-000000000001}.Debug|Any CPU.Build.0 = Debug|Any CPU
		{ADR00001-0000-0000-0000-000000000001}.Release|Any CPU.ActiveCfg = Release|Any CPU
		{ADR00001-0000-0000-0000-000000000001}.Release|Any CPU.Build.0 = Release|Any CPU
		{ADR00002-0000-0000-0000-000000000002}.Debug|Any CPU.ActiveCfg = Debug|Any CPU
		{ADR00002-0000-0000-0000-000000000002}.Debug|Any CPU.Build.0 = Debug|Any CPU
		{ADR00002-0000-0000-0000-000000000002}.Release|Any CPU.ActiveCfg = Release|Any CPU
		{ADR00002-0000-0000-0000-000000000002}.Release|Any CPU.Build.0 = Release|Any CPU
		{ENT00001-0000-0000-0000-000000000001}.Debug|Any CPU.ActiveCfg = Debug|Any CPU
		{ENT00001-0000-0000-0000-000000000001}.Debug|Any CPU.Build.0 = Debug|Any CPU
		{ENT00001-0000-0000-0000-000000000001}.Release|Any CPU.ActiveCfg = Release|Any CPU
		{ENT00001-0000-0000-0000-000000000001}.Release|Any CPU.Build.0 = Release|Any CPU
		{ENT00002-0000-0000-0000-000000000002}.Debug|Any CPU.ActiveCfg = Debug|Any CPU
		{ENT00002-0000-0000-0000-000000000002}.Debug|Any CPU.Build.0 = Debug|Any CPU
		{ENT00002-0000-0000-0000-000000000002}.Release|Any CPU.ActiveCfg = Release|Any CPU
		{ENT00002-0000-0000-0000-000000000002}.Release|Any CPU.Build.0 = Release|Any CPU
	EndGlobalSection
	GlobalSection(SolutionProperties) = preSolution
		HideSolutionNode = FALSE
	EndGlobalSection
	GlobalSection(NestedProjects) = preSolution
		{D4E5F6A7-B8C9-0123-DEF0-456789012345} = {A1B2C3D4-E5F6-7890-ABCD-EF1234567890}
		{E5F6A7B8-C9D0-1234-EF01-567890123456} = {A1B2C3D4-E5F6-7890-ABCD-EF1234567890}
		{F6A7B8C9-D0E1-2345-F012-678901234567} = {A1B2C3D4-E5F6-7890-ABCD-EF1234567890}
		{A7B8C9D0-E1F2-3456-0123-789012345678} = {A1B2C3D4-E5F6-7890-ABCD-EF1234567890}
		{B8C9D0E1-F2A3-4567-1234-890123456789} = {A1B2C3D4-E5F6-7890-ABCD-EF1234567890}
		{C9D0E1F2-A3B4-5678-2345-901234567890} = {A1B2C3D4-E5F6-7890-ABCD-EF1234567890}
		{D0E1F2A3-B4C5-6789-3456-012345678901} = {C3D4E5F6-A7B8-9012-CDEF-345678901234}
		{E1F2A3B4-C5D6-7890-4567-123456789012} = {C3D4E5F6-A7B8-9012-CDEF-345678901234}
		{F2A3B4C5-D6E7-8901-5678-234567890123} = {C3D4E5F6-A7B8-9012-CDEF-345678901234}
		{A3B4C5D6-E7F8-9012-6789-345678901234} = {C3D4E5F6-A7B8-9012-CDEF-345678901234}
		{B4C5D6E7-F8A9-0123-7890-456789012345} = {C3D4E5F6-A7B8-9012-CDEF-345678901234}
		{C5D6E7F8-A9B0-1234-8901-567890123456} = {C3D4E5F6-A7B8-9012-CDEF-345678901234}
		{D6E7F8A9-B0C1-2345-9012-678901234567} = {B2C3D4E5-F6A7-8901-BCDE-F23456789012}
		{E7F8A9B0-C1D2-3456-0123-789012345678} = {B2C3D4E5-F6A7-8901-BCDE-F23456789012}
		{F8A9B0C1-D2E3-4567-1234-890123456789} = {B2C3D4E5-F6A7-8901-BCDE-F23456789012}
		{A9B0C1D2-E3F4-5678-2345-901234567890} = {B2C3D4E5-F6A7-8901-BCDE-F23456789012}
		{B0C1D2E3-F4A5-6789-3456-012345678901} = {B2C3D4E5-F6A7-8901-BCDE-F23456789012}
		{11111111-2222-3333-4444-555555555555} = {A1B2C3D4-E5F6-7890-ABCD-EF1234567890}
		{ADR00001-0000-0000-0000-000000000001} = {A1B2C3D4-E5F6-7890-ABCD-EF1234567890}
		{ENT00001-0000-0000-0000-000000000001} = {A1B2C3D4-E5F6-7890-ABCD-EF1234567890}
		{ADR00002-0000-0000-0000-000000000002} = {B2C3D4E5-F6A7-8901-BCDE-F23456789012}
		{ENT00002-0000-0000-0000-000000000002} = {B2C3D4E5-F6A7-8901-BCDE-F23456789012}
	EndGlobalSection
EndGlobal
